<?xml version="1.0" encoding="utf-8"?>
<Project ToolsVersion="4.0" xmlns="http://schemas.microsoft.com/developer/msbuild/2003">
  <ItemGroup>
    <Filter Include="Source Files">
      <UniqueIdentifier>{cd1e6819-12ad-4a86-b31f-315320913ac2}</UniqueIdentifier>
      <Extensions>cpp;c;cxx;rc;def;r;odl;idl;hpj;bat</Extensions>
    </Filter>
    <Filter Include="Header Files">
      <UniqueIdentifier>{88e430d8-0c54-4887-b614-4b8a1373d257}</UniqueIdentifier>
      <Extensions>h;hpp;hxx;hm;inl</Extensions>
    </Filter>
    <Filter Include="Resource Files">
      <UniqueIdentifier>{5d9c73c5-0a53-4796-a485-3b65a244a20e}</UniqueIdentifier>
    </Filter>
  </ItemGroup>
  <ItemGroup>
    <ClCompile Include="radcheckbox.cpp">
      <Filter>Source Files</Filter>
    </ClCompile>
    <ClCompile Include="radcombobox.cpp">
      <Filter>Source Files</Filter>
    </ClCompile>
    <ClCompile Include="radconsole.cpp">
      <Filter>Source Files</Filter>
    </ClCompile>
    <ClCompile Include="raddialog.cpp">
      <Filter>Source Files</Filter>
    </ClCompile>
    <ClCompile Include="radglue.cpp">
      <Filter>Source Files</Filter>
    </ClCompile>
    <ClCompile Include="radhboxlayout.cpp">
      <Filter>Source Files</Filter>
    </ClCompile>
    <ClCompile Include="radlabel.cpp">
      <Filter>Source Files</Filter>
    </ClCompile>
    <ClCompile Include="radlineedit.cpp">
      <Filter>Source Files</Filter>
    </ClCompile>
    <ClCompile Include="radmainwindow.cpp">
      <Filter>Source Files</Filter>
    </ClCompile>
    <ClCompile Include="radobject.cpp">
      <Filter>Source Files</Filter>
    </ClCompile>
    <ClCompile Include="radpushbutton.cpp">
      <Filter>Source Files</Filter>
    </ClCompile>
    <ClCompile Include="radtabwidget.cpp">
      <Filter>Source Files</Filter>
    </ClCompile>
    <ClCompile Include="radtcpserver.cpp">
      <Filter>Source Files</Filter>
    </ClCompile>
    <ClCompile Include="radtcpsocket.cpp">
      <Filter>Source Files</Filter>
    </ClCompile>
    <ClCompile Include="radtextedit.cpp">
      <Filter>Source Files</Filter>
    </ClCompile>
    <ClCompile Include="radvboxlayout.cpp">
      <Filter>Source Files</Filter>
    </ClCompile>
    <ClCompile Include="radwidget.cpp">
      <Filter>Source Files</Filter>
    </ClCompile>
  </ItemGroup>
  <ItemGroup>
    <ClInclude Include="radcheckbox.h">
      <Filter>Header Files</Filter>
    </ClInclude>
    <ClInclude Include="radcombobox.h">
      <Filter>Header Files</Filter>
    </ClInclude>
    <ClInclude Include="radconsole.h">
      <Filter>Header Files</Filter>
    </ClInclude>
    <ClInclude Include="raddialog.h">
      <Filter>Header Files</Filter>
    </ClInclude>
    <ClInclude Include="radglue.h">
      <Filter>Header Files</Filter>
    </ClInclude>
    <ClInclude Include="radhboxlayout.h">
      <Filter>Header Files</Filter>
    </ClInclude>
    <ClInclude Include="radlabel.h">
      <Filter>Header Files</Filter>
    </ClInclude>
    <ClInclude Include="radlineedit.h">
      <Filter>Header Files</Filter>
    </ClInclude>
    <ClInclude Include="radmainwindow.h">
      <Filter>Header Files</Filter>
    </ClInclude>
    <ClInclude Include="radobject.h">
      <Filter>Header Files</Filter>
    </ClInclude>
    <ClInclude Include="radpushbutton.h">
      <Filter>Header Files</Filter>
    </ClInclude>
    <ClInclude Include="radtabwidget.h">
      <Filter>Header Files</Filter>
    </ClInclude>
    <ClInclude Include="radtcpserver.h">
      <Filter>Header Files</Filter>
    </ClInclude>
    <ClInclude Include="radtcpsocket.h">
      <Filter>Header Files</Filter>
    </ClInclude>
    <ClInclude Include="radtextedit.h">
      <Filter>Header Files</Filter>
    </ClInclude>
    <ClInclude Include="radvboxlayout.h">
      <Filter>Header Files</Filter>
    </ClInclude>
    <ClInclude Include="radwidget.h">
      <Filter>Header Files</Filter>
    </ClInclude>
  </ItemGroup>
</Project>